
Microsoft Visual Studio Solution File, Format Version 12.00
# Visual Studio Version 17
VisualStudioVersion = 17.4.33213.308
MinimumVisualStudioVersion = 10.0.40219.1
Project("{FAE04EC0-301F-11D3-BF4B-00C04F79EFBC}") = "DocumentModel", "DocumentModel\DocumentModel.csproj", "{7440C7B9-90CD-44D2-B4B0-85477B35636D}"
EndProject
Global
	GlobalSection(SolutionConfigurationPlatforms) = preSolution
		Debug|Any CPU = Debug|Any CPU
		Release|Any CPU = Release|Any CPU
	EndGlobalSection
	GlobalSection(ProjectConfigurationPlatforms) = postSolution
		{7440C7B9-90CD-44D2-B4B0-85477B35636D}.Debug|Any CPU.ActiveCfg = Debug|Any CPU
		{7440C7B9-90CD-44D2-B4B0-85477B35636D}.Debug|Any CPU.Build.0 = Debug|Any CPU
		{7440C7B9-90CD-44D2-B4B0-85477B35636D}.Release|Any CPU.ActiveCfg = Release|Any CPU
		{7440C7B9-90CD-44D2-B4B0-85477B35636D}.Release|Any CPU.Build.0 = Release|Any CPU
	EndGlobalSection
	GlobalSection(SolutionProperties) = preSolution
		HideSolutionNode = FALSE
	EndGlobalSection
	GlobalSection(ExtensibilityGlobals) = postSolution
		SolutionGuid = {8DCC8A8D-D5AF-40C4-9988-67AFB2AA55B2}
	EndGlobalSection
EndGlobal
