
Microsoft Visual Studio Solution File, Format Version 12.00
# Visual Studio Version 17
VisualStudioVersion = 17.4.33213.308
MinimumVisualStudioVersion = 10.0.40219.1
Project("{FAE04EC0-301F-11D3-BF4B-00C04F79EFBC}") = "CL_Structure_EF", "CL_Structure_EF\CL_Structure_EF.csproj", "{7A580880-C7BF-40C6-A195-A70335DA08F6}"
EndProject
Global
	GlobalSection(SolutionConfigurationPlatforms) = preSolution
		Debug|Any CPU = Debug|Any CPU
		Release|Any CPU = Release|Any CPU
	EndGlobalSection
	GlobalSection(ProjectConfigurationPlatforms) = postSolution
		{7A580880-C7BF-40C6-A195-A70335DA08F6}.Debug|Any CPU.ActiveCfg = Debug|Any CPU
		{7A580880-C7BF-40C6-A195-A70335DA08F6}.Debug|Any CPU.Build.0 = Debug|Any CPU
		{7A580880-C7BF-40C6-A195-A70335DA08F6}.Release|Any CPU.ActiveCfg = Release|Any CPU
		{7A580880-C7BF-40C6-A195-A70335DA08F6}.Release|Any CPU.Build.0 = Release|Any CPU
	EndGlobalSection
	GlobalSection(SolutionProperties) = preSolution
		HideSolutionNode = FALSE
	EndGlobalSection
	GlobalSection(ExtensibilityGlobals) = postSolution
		SolutionGuid = {CFD3E94F-CD7B-40B8-852C-3681604C5396}
	EndGlobalSection
EndGlobal
