
Microsoft Visual Studio Solution File, Format Version 12.00
# Visual Studio Version 17
VisualStudioVersion = 17.4.33213.308
MinimumVisualStudioVersion = 10.0.40219.1
Project("{FAE04EC0-301F-11D3-BF4B-00C04F79EFBC}") = "CL_Structure", "CL_Structure\CL_Structure.csproj", "{64BA841C-2784-4E74-9E1E-38F96FD11824}"
EndProject
Global
	GlobalSection(SolutionConfigurationPlatforms) = preSolution
		Debug|Any CPU = Debug|Any CPU
		Release|Any CPU = Release|Any CPU
	EndGlobalSection
	GlobalSection(ProjectConfigurationPlatforms) = postSolution
		{64BA841C-2784-4E74-9E1E-38F96FD11824}.Debug|Any CPU.ActiveCfg = Debug|Any CPU
		{64BA841C-2784-4E74-9E1E-38F96FD11824}.Debug|Any CPU.Build.0 = Debug|Any CPU
		{64BA841C-2784-4E74-9E1E-38F96FD11824}.Release|Any CPU.ActiveCfg = Release|Any CPU
		{64BA841C-2784-4E74-9E1E-38F96FD11824}.Release|Any CPU.Build.0 = Release|Any CPU
	EndGlobalSection
	GlobalSection(SolutionProperties) = preSolution
		HideSolutionNode = FALSE
	EndGlobalSection
	GlobalSection(ExtensibilityGlobals) = postSolution
		SolutionGuid = {33E6BE20-6401-48DD-B0ED-A80DEC4EE4A7}
	EndGlobalSection
EndGlobal
