
Microsoft Visual Studio Solution File, Format Version 12.00
# Visual Studio Version 17
VisualStudioVersion = 17.4.33213.308
MinimumVisualStudioVersion = 10.0.40219.1
Project("{FAE04EC0-301F-11D3-BF4B-00C04F79EFBC}") = "Serialization", "Serialization\Serialization.csproj", "{4A9BE8B5-C80B-4178-AFB6-BE4389445BFD}"
EndProject
Global
	GlobalSection(SolutionConfigurationPlatforms) = preSolution
		Debug|Any CPU = Debug|Any CPU
		Release|Any CPU = Release|Any CPU
	EndGlobalSection
	GlobalSection(ProjectConfigurationPlatforms) = postSolution
		{4A9BE8B5-C80B-4178-AFB6-BE4389445BFD}.Debug|Any CPU.ActiveCfg = Debug|Any CPU
		{4A9BE8B5-C80B-4178-AFB6-BE4389445BFD}.Debug|Any CPU.Build.0 = Debug|Any CPU
		{4A9BE8B5-C80B-4178-AFB6-BE4389445BFD}.Release|Any CPU.ActiveCfg = Release|Any CPU
		{4A9BE8B5-C80B-4178-AFB6-BE4389445BFD}.Release|Any CPU.Build.0 = Release|Any CPU
	EndGlobalSection
	GlobalSection(SolutionProperties) = preSolution
		HideSolutionNode = FALSE
	EndGlobalSection
	GlobalSection(ExtensibilityGlobals) = postSolution
		SolutionGuid = {23464B68-8746-43B9-AE63-892580A3BB3B}
	EndGlobalSection
EndGlobal
