
Microsoft Visual Studio Solution File, Format Version 12.00
# Visual Studio Version 17
VisualStudioVersion = 17.4.33213.308
MinimumVisualStudioVersion = 10.0.40219.1
Project("{FAE04EC0-301F-11D3-BF4B-00C04F79EFBC}") = "WPFGreetingApp(Modul1)", "WPFGreetingApp(Modul1)\WPFGreetingApp(Modul1).csproj", "{C20B8C42-EA73-4ABA-9C8C-E11F3D6A85A4}"
EndProject
Global
	GlobalSection(SolutionConfigurationPlatforms) = preSolution
		Debug|Any CPU = Debug|Any CPU
		Release|Any CPU = Release|Any CPU
	EndGlobalSection
	GlobalSection(ProjectConfigurationPlatforms) = postSolution
		{C20B8C42-EA73-4ABA-9C8C-E11F3D6A85A4}.Debug|Any CPU.ActiveCfg = Debug|Any CPU
		{C20B8C42-EA73-4ABA-9C8C-E11F3D6A85A4}.Debug|Any CPU.Build.0 = Debug|Any CPU
		{C20B8C42-EA73-4ABA-9C8C-E11F3D6A85A4}.Release|Any CPU.ActiveCfg = Release|Any CPU
		{C20B8C42-EA73-4ABA-9C8C-E11F3D6A85A4}.Release|Any CPU.Build.0 = Release|Any CPU
	EndGlobalSection
	GlobalSection(SolutionProperties) = preSolution
		HideSolutionNode = FALSE
	EndGlobalSection
	GlobalSection(ExtensibilityGlobals) = postSolution
		SolutionGuid = {CED9EC83-4D50-4A05-95D7-66D74ACE0AED}
	EndGlobalSection
EndGlobal
